
Microsoft Visual Studio Solution File, Format Version 12.00
# Visual Studio Version 16
VisualStudioVersion = 16.0.30413.136
MinimumVisualStudioVersion = 10.0.40219.1
Project("{FAE04EC0-301F-11D3-BF4B-00C04F79EFBC}") = "SQLHmwkGen", "SQLHmwkGen.csproj", "{0C912740-6488-4F20-8B41-32359CA0285A}"
EndProject
Global
	GlobalSection(SolutionConfigurationPlatforms) = preSolution
		Debug|Any CPU = Debug|Any CPU
		Release|Any CPU = Release|Any CPU
	EndGlobalSection
	GlobalSection(ProjectConfigurationPlatforms) = postSolution
		{0C912740-6488-4F20-8B41-32359CA0285A}.Debug|Any CPU.ActiveCfg = Debug|Any CPU
		{0C912740-6488-4F20-8B41-32359CA0285A}.Debug|Any CPU.Build.0 = Debug|Any CPU
		{0C912740-6488-4F20-8B41-32359CA0285A}.Release|Any CPU.ActiveCfg = Release|Any CPU
		{0C912740-6488-4F20-8B41-32359CA0285A}.Release|Any CPU.Build.0 = Release|Any CPU
	EndGlobalSection
	GlobalSection(SolutionProperties) = preSolution
		HideSolutionNode = FALSE
	EndGlobalSection
	GlobalSection(ExtensibilityGlobals) = postSolution
		SolutionGuid = {2D0E1055-74F8-43CB-A40D-96298E4DFBBF}
	EndGlobalSection
EndGlobal
